// !$*UTF8*$!
{
	archiveVersion = 1;
	classes = {
	};
	objectVersion = 56;
	objects = {

/* Begin PBXBuildFile section */
		7DD58B142BBE63190008F884 /* AppDelegate.swift in Sources */ = {isa = PBXBuildFile; fileRef = 7DD58B132BBE63190008F884 /* AppDelegate.swift */; };
		7DD58B162BBE63190008F884 /* SceneDelegate.swift in Sources */ = {isa = PBXBuildFile; fileRef = 7DD58B152BBE63190008F884 /* SceneDelegate.swift */; };
		7DD58B182BBE63190008F884 /* ViewController.swift in Sources */ = {isa = PBXBuildFile; fileRef = 7DD58B172BBE63190008F884 /* ViewController.swift */; };
		7DD58B1B2BBE63190008F884 /* Base in Resources */ = {isa = PBXBuildFile; fileRef = 7DD58B1A2BBE63190008F884 /* Base */; };
		7DD58B1D2BBE631B0008F884 /* Assets.xcassets in Resources */ = {isa = PBXBuildFile; fileRef = 7DD58B1C2BBE631B0008F884 /* Assets.xcassets */; };
		7DD58B202BBE631B0008F884 /* Base in Resources */ = {isa = PBXBuildFile; fileRef = 7DD58B1F2BBE631B0008F884 /* Base */; };
		7DD58B2B2BBE631B0008F884 /* AlertsAndActionSheetsTests.swift in Sources */ = {isa = PBXBuildFile; fileRef = 7DD58B2A2BBE631B0008F884 /* AlertsAndActionSheetsTests.swift */; };
		7DD58B352BBE631B0008F884 /* AlertsAndActionSheetsUITests.swift in Sources */ = {isa = PBXBuildFile; fileRef = 7DD58B342BBE631B0008F884 /* AlertsAndActionSheetsUITests.swift */; };
		7DD58B372BBE631B0008F884 /* AlertsAndActionSheetsUITestsLaunchTests.swift in Sources */ = {isa = PBXBuildFile; fileRef = 7DD58B362BBE631B0008F884 /* AlertsAndActionSheetsUITestsLaunchTests.swift */; };
/* End PBXBuildFile section */

/* Begin PBXContainerItemProxy section */
		7DD58B272BBE631B0008F884 /* PBXContainerItemProxy */ = {
			isa = PBXContainerItemProxy;
			containerPortal = 7DD58B082BBE63190008F884 /* Project object */;
			proxyType = 1;
			remoteGlobalIDString = 7DD58B0F2BBE63190008F884;
			remoteInfo = AlertsAndActionSheets;
		};
		7DD58B312BBE631B0008F884 /* PBXContainerItemProxy */ = {
			isa = PBXContainerItemProxy;
			containerPortal = 7DD58B082BBE63190008F884 /* Project object */;
			proxyType = 1;
			remoteGlobalIDString = 7DD58B0F2BBE63190008F884;
			remoteInfo = AlertsAndActionSheets;
		};
/* End PBXContainerItemProxy section */

/* Begin PBXFileReference section */
		7DD58B102BBE63190008F884 /* AlertsAndActionSheets.app */ = {isa = PBXFileReference; explicitFileType = wrapper.application; includeInIndex = 0; path = AlertsAndActionSheets.app; sourceTree = BUILT_PRODUCTS_DIR; };
		7DD58B132BBE63190008F884 /* AppDelegate.swift */ = {isa = PBXFileReference; lastKnownFileType = sourcecode.swift; path = AppDelegate.swift; sourceTree = "<group>"; };
		7DD58B152BBE63190008F884 /* SceneDelegate.swift */ = {isa = PBXFileReference; lastKnownFileType = sourcecode.swift; path = SceneDelegate.swift; sourceTree = "<group>"; };
		7DD58B172BBE63190008F884 /* ViewController.swift */ = {isa = PBXFileReference; lastKnownFileType = sourcecode.swift; path = ViewController.swift; sourceTree = "<group>"; };
		7DD58B1A2BBE63190008F884 /* Base */ = {isa = PBXFileReference; lastKnownFileType = file.storyboard; name = Base; path = Base.lproj/Main.storyboard; sourceTree = "<group>"; };
		7DD58B1C2BBE631B0008F884 /* Assets.xcassets */ = {isa = PBXFileReference; lastKnownFileType = folder.assetcatalog; path = Assets.xcassets; sourceTree = "<group>"; };
		7DD58B1F2BBE631B0008F884 /* Base */ = {isa = PBXFileReference; lastKnownFileType = file.storyboard; name = Base; path = Base.lproj/LaunchScreen.storyboard; sourceTree = "<group>"; };
		7DD58B212BBE631B0008F884 /* Info.plist */ = {isa = PBXFileReference; lastKnownFileType = text.plist.xml; path = Info.plist; sourceTree = "<group>"; };
		7DD58B262BBE631B0008F884 /* AlertsAndActionSheetsTests.xctest */ = {isa = PBXFileReference; explicitFileType = wrapper.cfbundle; includeInIndex = 0; path = AlertsAndActionSheetsTests.xctest; sourceTree = BUILT_PRODUCTS_DIR; };
		7DD58B2A2BBE631B0008F884 /* AlertsAndActionSheetsTests.swift */ = {isa = PBXFileReference; lastKnownFileType = sourcecode.swift; path = AlertsAndActionSheetsTests.swift; sourceTree = "<group>"; };
		7DD58B302BBE631B0008F884 /* AlertsAndActionSheetsUITests.xctest */ = {isa = PBXFileReference; explicitFileType = wrapper.cfbundle; includeInIndex = 0; path = AlertsAndActionSheetsUITests.xctest; sourceTree = BUILT_PRODUCTS_DIR; };
		7DD58B342BBE631B0008F884 /* AlertsAndActionSheetsUITests.swift */ = {isa = PBXFileReference; lastKnownFileType = sourcecode.swift; path = AlertsAndActionSheetsUITests.swift; sourceTree = "<group>"; };
		7DD58B362BBE631B0008F884 /* AlertsAndActionSheetsUITestsLaunchTests.swift */ = {isa = PBXFileReference; lastKnownFileType = sourcecode.swift; path = AlertsAndActionSheetsUITestsLaunchTests.swift; sourceTree = "<group>"; };
/* End PBXFileReference section */

/* Begin PBXFrameworksBuildPhase section */
		7DD58B0D2BBE63190008F884 /* Frameworks */ = {
			isa = PBXFrameworksBuildPhase;
			buildActionMask = 2147483647;
			files = (
			);
			runOnlyForDeploymentPostprocessing = 0;
		};
		7DD58B232BBE631B0008F884 /* Frameworks */ = {
			isa = PBXFrameworksBuildPhase;
			buildActionMask = 2147483647;
			files = (
			);
			runOnlyForDeploymentPostprocessing = 0;
		};
		7DD58B2D2BBE631B0008F884 /* Frameworks */ = {
			isa = PBXFrameworksBuildPhase;
			buildActionMask = 2147483647;
			files = (
			);
			runOnlyForDeploymentPostprocessing = 0;
		};
/* End PBXFrameworksBuildPhase section */

/* Begin PBXGroup section */
		7DD58B072BBE63190008F884 = {
			isa = PBXGroup;
			children = (
				7DD58B122BBE63190008F884 /* AlertsAndActionSheets */,
				7DD58B292BBE631B0008F884 /* AlertsAndActionSheetsTests */,
				7DD58B332BBE631B0008F884 /* AlertsAndActionSheetsUITests */,
				7DD58B112BBE63190008F884 /* Products */,
			);
			sourceTree = "<group>";
		};
		7DD58B112BBE63190008F884 /* Products */ = {
			isa = PBXGroup;
			children = (
				7DD58B102BBE63190008F884 /* AlertsAndActionSheets.app */,
				7DD58B262BBE631B0008F884 /* AlertsAndActionSheetsTests.xctest */,
				7DD58B302BBE631B0008F884 /* AlertsAndActionSheetsUITests.xctest */,
			);
			name = Products;
			sourceTree = "<group>";
		};
		7DD58B122BBE63190008F884 /* AlertsAndActionSheets */ = {
			isa = PBXGroup;
			children = (
				7DD58B132BBE63190008F884 /* AppDelegate.swift */,
				7DD58B152BBE63190008F884 /* SceneDelegate.swift */,
				7DD58B172BBE63190008F884 /* ViewController.swift */,
				7DD58B192BBE63190008F884 /* Main.storyboard */,
				7DD58B1C2BBE631B0008F884 /* Assets.xcassets */,
				7DD58B1E2BBE631B0008F884 /* LaunchScreen.storyboard */,
				7DD58B212BBE631B0008F884 /* Info.plist */,
			);
			path = AlertsAndActionSheets;
			sourceTree = "<group>";
		};
		7DD58B292BBE631B0008F884 /* AlertsAndActionSheetsTests */ = {
			isa = PBXGroup;
			children = (
				7DD58B2A2BBE631B0008F884 /* AlertsAndActionSheetsTests.swift */,
			);
			path = AlertsAndActionSheetsTests;
			sourceTree = "<group>";
		};
		7DD58B332BBE631B0008F884 /* AlertsAndActionSheetsUITests */ = {
			isa = PBXGroup;
			children = (
				7DD58B342BBE631B0008F884 /* AlertsAndActionSheetsUITests.swift */,
				7DD58B362BBE631B0008F884 /* AlertsAndActionSheetsUITestsLaunchTests.swift */,
			);
			path = AlertsAndActionSheetsUITests;
			sourceTree = "<group>";
		};
/* End PBXGroup section */

/* Begin PBXNativeTarget section */
		7DD58B0F2BBE63190008F884 /* AlertsAndActionSheets */ = {
			isa = PBXNativeTarget;
			buildConfigurationList = 7DD58B3A2BBE631B0008F884 /* Build configuration list for PBXNativeTarget "AlertsAndActionSheets" */;
			buildPhases = (
				7DD58B0C2BBE63190008F884 /* Sources */,
				7DD58B0D2BBE63190008F884 /* Frameworks */,
				7DD58B0E2BBE63190008F884 /* Resources */,
			);
			buildRules = (
			);
			dependencies = (
			);
			name = AlertsAndActionSheets;
			productName = AlertsAndActionSheets;
			productReference = 7DD58B102BBE63190008F884 /* AlertsAndActionSheets.app */;
			productType = "com.apple.product-type.application";
		};
		7DD58B252BBE631B0008F884 /* AlertsAndActionSheetsTests */ = {
			isa = PBXNativeTarget;
			buildConfigurationList = 7DD58B3D2BBE631B0008F884 /* Build configuration list for PBXNativeTarget "AlertsAndActionSheetsTests" */;
			buildPhases = (
				7DD58B222BBE631B0008F884 /* Sources */,
				7DD58B232BBE631B0008F884 /* Frameworks */,
				7DD58B242BBE631B0008F884 /* Resources */,
			);
			buildRules = (
			);
			dependencies = (
				7DD58B282BBE631B0008F884 /* PBXTargetDependency */,
			);
			name = AlertsAndActionSheetsTests;
			productName = AlertsAndActionSheetsTests;
			productReference = 7DD58B262BBE631B0008F884 /* AlertsAndActionSheetsTests.xctest */;
			productType = "com.apple.product-type.bundle.unit-test";
		};
		7DD58B2F2BBE631B0008F884 /* AlertsAndActionSheetsUITests */ = {
			isa = PBXNativeTarget;
			buildConfigurationList = 7DD58B402BBE631B0008F884 /* Build configuration list for PBXNativeTarget "AlertsAndActionSheetsUITests" */;
			buildPhases = (
				7DD58B2C2BBE631B0008F884 /* Sources */,
				7DD58B2D2BBE631B0008F884 /* Frameworks */,
				7DD58B2E2BBE631B0008F884 /* Resources */,
			);
			buildRules = (
			);
			dependencies = (
				7DD58B322BBE631B0008F884 /* PBXTargetDependency */,
			);
			name = AlertsAndActionSheetsUITests;
			productName = AlertsAndActionSheetsUITests;
			productReference = 7DD58B302BBE631B0008F884 /* AlertsAndActionSheetsUITests.xctest */;
			productType = "com.apple.product-type.bundle.ui-testing";
		};
/* End PBXNativeTarget section */

/* Begin PBXProject section */
		7DD58B082BBE63190008F884 /* Project object */ = {
			isa = PBXProject;
			attributes = {
				BuildIndependentTargetsInParallel = 1;
				LastSwiftUpdateCheck = 1530;
				LastUpgradeCheck = 1530;
				TargetAttributes = {
					7DD58B0F2BBE63190008F884 = {
						CreatedOnToolsVersion = 15.3;
					};
					7DD58B252BBE631B0008F884 = {
						CreatedOnToolsVersion = 15.3;
						TestTargetID = 7DD58B0F2BBE63190008F884;
					};
					7DD58B2F2BBE631B0008F884 = {
						CreatedOnToolsVersion = 15.3;
						TestTargetID = 7DD58B0F2BBE63190008F884;
					};
				};
			};
			buildConfigurationList = 7DD58B0B2BBE63190008F884 /* Build configuration list for PBXProject "AlertsAndActionSheets" */;
			compatibilityVersion = "Xcode 14.0";
			developmentRegion = en;
			hasScannedForEncodings = 0;
			knownRegions = (
				en,
				Base,
			);
			mainGroup = 7DD58B072BBE63190008F884;
			productRefGroup = 7DD58B112BBE63190008F884 /* Products */;
			projectDirPath = "";
			projectRoot = "";
			targets = (
				7DD58B0F2BBE63190008F884 /* AlertsAndActionSheets */,
				7DD58B252BBE631B0008F884 /* AlertsAndActionSheetsTests */,
				7DD58B2F2BBE631B0008F884 /* AlertsAndActionSheetsUITests */,
			);
		};
/* End PBXProject section */

/* Begin PBXResourcesBuildPhase section */
		7DD58B0E2BBE63190008F884 /* Resources */ = {
			isa = PBXResourcesBuildPhase;
			buildActionMask = 2147483647;
			files = (
				7DD58B1D2BBE631B0008F884 /* Assets.xcassets in Resources */,
				7DD58B202BBE631B0008F884 /* Base in Resources */,
				7DD58B1B2BBE63190008F884 /* Base in Resources */,
			);
			runOnlyForDeploymentPostprocessing = 0;
		};
		7DD58B242BBE631B0008F884 /* Resources */ = {
			isa = PBXResourcesBuildPhase;
			buildActionMask = 2147483647;
			files = (
			);
			runOnlyForDeploymentPostprocessing = 0;
		};
		7DD58B2E2BBE631B0008F884 /* Resources */ = {
			isa = PBXResourcesBuildPhase;
			buildActionMask = 2147483647;
			files = (
			);
			runOnlyForDeploymentPostprocessing = 0;
		};
/* End PBXResourcesBuildPhase section */

/* Begin PBXSourcesBuildPhase section */
		7DD58B0C2BBE63190008F884 /* Sources */ = {
			isa = PBXSourcesBuildPhase;
			buildActionMask = 2147483647;
			files = (
				7DD58B182BBE63190008F884 /* ViewController.swift in Sources */,
				7DD58B142BBE63190008F884 /* AppDelegate.swift in Sources */,
				7DD58B162BBE63190008F884 /* SceneDelegate.swift in Sources */,
			);
			runOnlyForDeploymentPostprocessing = 0;
		};
		7DD58B222BBE631B0008F884 /* Sources */ = {
			isa = PBXSourcesBuildPhase;
			buildActionMask = 2147483647;
			files = (
				7DD58B2B2BBE631B0008F884 /* AlertsAndActionSheetsTests.swift in Sources */,
			);
			runOnlyForDeploymentPostprocessing = 0;
		};
		7DD58B2C2BBE631B0008F884 /* Sources */ = {
			isa = PBXSourcesBuildPhase;
			buildActionMask = 2147483647;
			files = (
				7DD58B352BBE631B0008F884 /* AlertsAndActionSheetsUITests.swift in Sources */,
				7DD58B372BBE631B0008F884 /* AlertsAndActionSheetsUITestsLaunchTests.swift in Sources */,
			);
			runOnlyForDeploymentPostprocessing = 0;
		};
/* End PBXSourcesBuildPhase section */

/* Begin PBXTargetDependency section */
		7DD58B282BBE631B0008F884 /* PBXTargetDependency */ = {
			isa = PBXTargetDependency;
			target = 7DD58B0F2BBE63190008F884 /* AlertsAndActionSheets */;
			targetProxy = 7DD58B272BBE631B0008F884 /* PBXContainerItemProxy */;
		};
		7DD58B322BBE631B0008F884 /* PBXTargetDependency */ = {
			isa = PBXTargetDependency;
			target = 7DD58B0F2BBE63190008F884 /* AlertsAndActionSheets */;
			targetProxy = 7DD58B312BBE631B0008F884 /* PBXContainerItemProxy */;
		};
/* End PBXTargetDependency section */

/* Begin PBXVariantGroup section */
		7DD58B192BBE63190008F884 /* Main.storyboard */ = {
			isa = PBXVariantGroup;
			children = (
				7DD58B1A2BBE63190008F884 /* Base */,
			);
			name = Main.storyboard;
			sourceTree = "<group>";
		};
		7DD58B1E2BBE631B0008F884 /* LaunchScreen.storyboard */ = {
			isa = PBXVariantGroup;
			children = (
				7DD58B1F2BBE631B0008F884 /* Base */,
			);
			name = LaunchScreen.storyboard;
			sourceTree = "<group>";
		};
/* End PBXVariantGroup section */

/* Begin XCBuildConfiguration section */
		7DD58B382BBE631B0008F884 /* Debug */ = {
			isa = XCBuildConfiguration;
			buildSettings = {
				ALWAYS_SEARCH_USER_PATHS = NO;
				ASSETCATALOG_COMPILER_GENERATE_SWIFT_ASSET_SYMBOL_EXTENSIONS = YES;
				CLANG_ANALYZER_NONNULL = YES;
				CLANG_ANALYZER_NUMBER_OBJECT_CONVERSION = YES_AGGRESSIVE;
				CLANG_CXX_LANGUAGE_STANDARD = "gnu++20";
				CLANG_ENABLE_MODULES = YES;
				CLANG_ENABLE_OBJC_ARC = YES;
				CLANG_ENABLE_OBJC_WEAK = YES;
				CLANG_WARN_BLOCK_CAPTURE_AUTORELEASING = YES;
				CLANG_WARN_BOOL_CONVERSION = YES;
				CLANG_WARN_COMMA = YES;
				CLANG_WARN_CONSTANT_CONVERSION = YES;
				CLANG_WARN_DEPRECATED_OBJC_IMPLEMENTATIONS = YES;
				CLANG_WARN_DIRECT_OBJC_ISA_USAGE = YES_ERROR;
				CLANG_WARN_DOCUMENTATION_COMMENTS = YES;
				CLANG_WARN_EMPTY_BODY = YES;
				CLANG_WARN_ENUM_CONVERSION = YES;
				CLANG_WARN_INFINITE_RECURSION = YES;
				CLANG_WARN_INT_CONVERSION = YES;
				CLANG_WARN_NON_LITERAL_NULL_CONVERSION = YES;
				CLANG_WARN_OBJC_IMPLICIT_RETAIN_SELF = YES;
				CLANG_WARN_OBJC_LITERAL_CONVERSION = YES;
				CLANG_WARN_OBJC_ROOT_CLASS = YES_ERROR;
				CLANG_WARN_QUOTED_INCLUDE_IN_FRAMEWORK_HEADER = YES;
				CLANG_WARN_RANGE_LOOP_ANALYSIS = YES;
				CLANG_WARN_STRICT_PROTOTYPES = YES;
				CLANG_WARN_SUSPICIOUS_MOVE = YES;
				CLANG_WARN_UNGUARDED_AVAILABILITY = YES_AGGRESSIVE;
				CLANG_WARN_UNREACHABLE_CODE = YES;
				CLANG_WARN__DUPLICATE_METHOD_MATCH = YES;
				COPY_PHASE_STRIP = NO;
				DEBUG_INFORMATION_FORMAT = dwarf;
				ENABLE_STRICT_OBJC_MSGSEND = YES;
				ENABLE_TESTABILITY = YES;
				ENABLE_USER_SCRIPT_SANDBOXING = YES;
				GCC_C_LANGUAGE_STANDARD = gnu17;
				GCC_DYNAMIC_NO_PIC = NO;
				GCC_NO_COMMON_BLOCKS = YES;
				GCC_OPTIMIZATION_LEVEL = 0;
				GCC_PREPROCESSOR_DEFINITIONS = (
					"DEBUG=1",
					"$(inherited)",
				);
				GCC_WARN_64_TO_32_BIT_CONVERSION = YES;
				GCC_WARN_ABOUT_RETURN_TYPE = YES_ERROR;
				GCC_WARN_UNDECLARED_SELECTOR = YES;
				GCC_WARN_UNINITIALIZED_AUTOS = YES_AGGRESSIVE;
				GCC_WARN_UNUSED_FUNCTION = YES;
				GCC_WARN_UNUSED_VARIABLE = YES;
				IPHONEOS_DEPLOYMENT_TARGET = 17.4;
				LOCALIZATION_PREFERS_STRING_CATALOGS = YES;
				MTL_ENABLE_DEBUG_INFO = INCLUDE_SOURCE;
				MTL_FAST_MATH = YES;
				ONLY_ACTIVE_ARCH = YES;
				SDKROOT = iphoneos;
				SWIFT_ACTIVE_COMPILATION_CONDITIONS = "DEBUG $(inherited)";
				SWIFT_OPTIMIZATION_LEVEL = "-Onone";
			};
			name = Debug;
		};
		7DD58B392BBE631B0008F884 /* Release */ = {
			isa = XCBuildConfiguration;
			buildSettings = {
				ALWAYS_SEARCH_USER_PATHS = NO;
				ASSETCATALOG_COMPILER_GENERATE_SWIFT_ASSET_SYMBOL_EXTENSIONS = YES;
				CLANG_ANALYZER_NONNULL = YES;
				CLANG_ANALYZER_NUMBER_OBJECT_CONVERSION = YES_AGGRESSIVE;
				CLANG_CXX_LANGUAGE_STANDARD = "gnu++20";
				CLANG_ENABLE_MODULES = YES;
				CLANG_ENABLE_OBJC_ARC = YES;
				CLANG_ENABLE_OBJC_WEAK = YES;
				CLANG_WARN_BLOCK_CAPTURE_AUTORELEASING = YES;
				CLANG_WARN_BOOL_CONVERSION = YES;
				CLANG_WARN_COMMA = YES;
				CLANG_WARN_CONSTANT_CONVERSION = YES;
				CLANG_WARN_DEPRECATED_OBJC_IMPLEMENTATIONS = YES;
				CLANG_WARN_DIRECT_OBJC_ISA_USAGE = YES_ERROR;
				CLANG_WARN_DOCUMENTATION_COMMENTS = YES;
				CLANG_WARN_EMPTY_BODY = YES;
				CLANG_WARN_ENUM_CONVERSION = YES;
				CLANG_WARN_INFINITE_RECURSION = YES;
				CLANG_WARN_INT_CONVERSION = YES;
				CLANG_WARN_NON_LITERAL_NULL_CONVERSION = YES;
				CLANG_WARN_OBJC_IMPLICIT_RETAIN_SELF = YES;
				CLANG_WARN_OBJC_LITERAL_CONVERSION = YES;
				CLANG_WARN_OBJC_ROOT_CLASS = YES_ERROR;
				CLANG_WARN_QUOTED_INCLUDE_IN_FRAMEWORK_HEADER = YES;
				CLANG_WARN_RANGE_LOOP_ANALYSIS = YES;
				CLANG_WARN_STRICT_PROTOTYPES = YES;
				CLANG_WARN_SUSPICIOUS_MOVE = YES;
				CLANG_WARN_UNGUARDED_AVAILABILITY = YES_AGGRESSIVE;
				CLANG_WARN_UNREACHABLE_CODE = YES;
				CLANG_WARN__DUPLICATE_METHOD_MATCH = YES;
				COPY_PHASE_STRIP = NO;
				DEBUG_INFORMATION_FORMAT = "dwarf-with-dsym";
				ENABLE_NS_ASSERTIONS = NO;
				ENABLE_STRICT_OBJC_MSGSEND = YES;
				ENABLE_USER_SCRIPT_SANDBOXING = YES;
				GCC_C_LANGUAGE_STANDARD = gnu17;
				GCC_NO_COMMON_BLOCKS = YES;
				GCC_WARN_64_TO_32_BIT_CONVERSION = YES;
				GCC_WARN_ABOUT_RETURN_TYPE = YES_ERROR;
				GCC_WARN_UNDECLARED_SELECTOR = YES;
				GCC_WARN_UNINITIALIZED_AUTOS = YES_AGGRESSIVE;
				GCC_WARN_UNUSED_FUNCTION = YES;
				GCC_WARN_UNUSED_VARIABLE = YES;
				IPHONEOS_DEPLOYMENT_TARGET = 17.4;
				LOCALIZATION_PREFERS_STRING_CATALOGS = YES;
				MTL_ENABLE_DEBUG_INFO = NO;
				MTL_FAST_MATH = YES;
				SDKROOT = iphoneos;
				SWIFT_COMPILATION_MODE = wholemodule;
				VALIDATE_PRODUCT = YES;
			};
			name = Release;
		};
		7DD58B3B2BBE631B0008F884 /* Debug */ = {
			isa = XCBuildConfiguration;
			buildSettings = {
				ASSETCATALOG_COMPILER_APPICON_NAME = AppIcon;
				ASSETCATALOG_COMPILER_GLOBAL_ACCENT_COLOR_NAME = AccentColor;
				CODE_SIGN_STYLE = Automatic;
				CURRENT_PROJECT_VERSION = 1;
				GENERATE_INFOPLIST_FILE = YES;
				INFOPLIST_FILE = AlertsAndActionSheets/Info.plist;
				INFOPLIST_KEY_UIApplicationSupportsIndirectInputEvents = YES;
				INFOPLIST_KEY_UILaunchStoryboardName = LaunchScreen;
				INFOPLIST_KEY_UIMainStoryboardFile = Main;
				INFOPLIST_KEY_UISupportedInterfaceOrientations_iPad = "UIInterfaceOrientationPortrait UIInterfaceOrientationPortraitUpsideDown UIInterfaceOrientationLandscapeLeft UIInterfaceOrientationLandscapeRight";
				INFOPLIST_KEY_UISupportedInterfaceOrientations_iPhone = "UIInterfaceOrientationPortrait UIInterfaceOrientationLandscapeLeft UIInterfaceOrientationLandscapeRight";
				LD_RUNPATH_SEARCH_PATHS = (
					"$(inherited)",
					"@executable_path/Frameworks",
				);
				MARKETING_VERSION = 1.0;
				PRODUCT_BUNDLE_IDENTIFIER = com.SwiftUIAppSample.AlertsAndActionSheets;
				PRODUCT_NAME = "$(TARGET_NAME)";
				SWIFT_EMIT_LOC_STRINGS = YES;
				SWIFT_VERSION = 5.0;
				TARGETED_DEVICE_FAMILY = "1,2";
			};
			name = Debug;
		};
		7DD58B3C2BBE631B0008F884 /* Release */ = {
			isa = XCBuildConfiguration;
			buildSettings = {
				ASSETCATALOG_COMPILER_APPICON_NAME = AppIcon;
				ASSETCATALOG_COMPILER_GLOBAL_ACCENT_COLOR_NAME = AccentColor;
				CODE_SIGN_STYLE = Automatic;
				CURRENT_PROJECT_VERSION = 1;
				GENERATE_INFOPLIST_FILE = YES;
				INFOPLIST_FILE = AlertsAndActionSheets/Info.plist;
				INFOPLIST_KEY_UIApplicationSupportsIndirectInputEvents = YES;
				INFOPLIST_KEY_UILaunchStoryboardName = LaunchScreen;
				INFOPLIST_KEY_UIMainStoryboardFile = Main;
				INFOPLIST_KEY_UISupportedInterfaceOrientations_iPad = "UIInterfaceOrientationPortrait UIInterfaceOrientationPortraitUpsideDown UIInterfaceOrientationLandscapeLeft UIInterfaceOrientationLandscapeRight";
				INFOPLIST_KEY_UISupportedInterfaceOrientations_iPhone = "UIInterfaceOrientationPortrait UIInterfaceOrientationLandscapeLeft UIInterfaceOrientationLandscapeRight";
				LD_RUNPATH_SEARCH_PATHS = (
					"$(inherited)",
					"@executable_path/Frameworks",
				);
				MARKETING_VERSION = 1.0;
				PRODUCT_BUNDLE_IDENTIFIER = com.SwiftUIAppSample.AlertsAndActionSheets;
				PRODUCT_NAME = "$(TARGET_NAME)";
				SWIFT_EMIT_LOC_STRINGS = YES;
				SWIFT_VERSION = 5.0;
				TARGETED_DEVICE_FAMILY = "1,2";
			};
			name = Release;
		};
		7DD58B3E2BBE631B0008F884 /* Debug */ = {
			isa = XCBuildConfiguration;
			buildSettings = {
				ALWAYS_EMBED_SWIFT_STANDARD_LIBRARIES = YES;
				BUNDLE_LOADER = "$(TEST_HOST)";
				CODE_SIGN_STYLE = Automatic;
				CURRENT_PROJECT_VERSION = 1;
				GENERATE_INFOPLIST_FILE = YES;
				IPHONEOS_DEPLOYMENT_TARGET = 17.4;
				MARKETING_VERSION = 1.0;
				PRODUCT_BUNDLE_IDENTIFIER = com.SwiftUIAppSample.AlertsAndActionSheetsTests;
				PRODUCT_NAME = "$(TARGET_NAME)";
				SWIFT_EMIT_LOC_STRINGS = NO;
				SWIFT_VERSION = 5.0;
				TARGETED_DEVICE_FAMILY = "1,2";
				TEST_HOST = "$(BUILT_PRODUCTS_DIR)/AlertsAndActionSheets.app/$(BUNDLE_EXECUTABLE_FOLDER_PATH)/AlertsAndActionSheets";
			};
			name = Debug;
		};
		7DD58B3F2BBE631B0008F884 /* Release */ = {
			isa = XCBuildConfiguration;
			buildSettings = {
				ALWAYS_EMBED_SWIFT_STANDARD_LIBRARIES = YES;
				BUNDLE_LOADER = "$(TEST_HOST)";
				CODE_SIGN_STYLE = Automatic;
				CURRENT_PROJECT_VERSION = 1;
				GENERATE_INFOPLIST_FILE = YES;
				IPHONEOS_DEPLOYMENT_TARGET = 17.4;
				MARKETING_VERSION = 1.0;
				PRODUCT_BUNDLE_IDENTIFIER = com.SwiftUIAppSample.AlertsAndActionSheetsTests;
				PRODUCT_NAME = "$(TARGET_NAME)";
				SWIFT_EMIT_LOC_STRINGS = NO;
				SWIFT_VERSION = 5.0;
				TARGETED_DEVICE_FAMILY = "1,2";
				TEST_HOST = "$(BUILT_PRODUCTS_DIR)/AlertsAndActionSheets.app/$(BUNDLE_EXECUTABLE_FOLDER_PATH)/AlertsAndActionSheets";
			};
			name = Release;
		};
		7DD58B412BBE631B0008F884 /* Debug */ = {
			isa = XCBuildConfiguration;
			buildSettings = {
				ALWAYS_EMBED_SWIFT_STANDARD_LIBRARIES = YES;
				CODE_SIGN_STYLE = Automatic;
				CURRENT_PROJECT_VERSION = 1;
				GENERATE_INFOPLIST_FILE = YES;
				MARKETING_VERSION = 1.0;
				PRODUCT_BUNDLE_IDENTIFIER = com.SwiftUIAppSample.AlertsAndActionSheetsUITests;
				PRODUCT_NAME = "$(TARGET_NAME)";
				SWIFT_EMIT_LOC_STRINGS = NO;
				SWIFT_VERSION = 5.0;
				TARGETED_DEVICE_FAMILY = "1,2";
				TEST_TARGET_NAME = AlertsAndActionSheets;
			};
			name = Debug;
		};
		7DD58B422BBE631B0008F884 /* Release */ = {
			isa = XCBuildConfiguration;
			buildSettings = {
				ALWAYS_EMBED_SWIFT_STANDARD_LIBRARIES = YES;
				CODE_SIGN_STYLE = Automatic;
				CURRENT_PROJECT_VERSION = 1;
				GENERATE_INFOPLIST_FILE = YES;
				MARKETING_VERSION = 1.0;
				PRODUCT_BUNDLE_IDENTIFIER = com.SwiftUIAppSample.AlertsAndActionSheetsUITests;
				PRODUCT_NAME = "$(TARGET_NAME)";
				SWIFT_EMIT_LOC_STRINGS = NO;
				SWIFT_VERSION = 5.0;
				TARGETED_DEVICE_FAMILY = "1,2";
				TEST_TARGET_NAME = AlertsAndActionSheets;
			};
			name = Release;
		};
/* End XCBuildConfiguration section */

/* Begin XCConfigurationList section */
		7DD58B0B2BBE63190008F884 /* Build configuration list for PBXProject "AlertsAndActionSheets" */ = {
			isa = XCConfigurationList;
			buildConfigurations = (
				7DD58B382BBE631B0008F884 /* Debug */,
				7DD58B392BBE631B0008F884 /* Release */,
			);
			defaultConfigurationIsVisible = 0;
			defaultConfigurationName = Release;
		};
		7DD58B3A2BBE631B0008F884 /* Build configuration list for PBXNativeTarget "AlertsAndActionSheets" */ = {
			isa = XCConfigurationList;
			buildConfigurations = (
				7DD58B3B2BBE631B0008F884 /* Debug */,
				7DD58B3C2BBE631B0008F884 /* Release */,
			);
			defaultConfigurationIsVisible = 0;
			defaultConfigurationName = Release;
		};
		7DD58B3D2BBE631B0008F884 /* Build configuration list for PBXNativeTarget "AlertsAndActionSheetsTests" */ = {
			isa = XCConfigurationList;
			buildConfigurations = (
				7DD58B3E2BBE631B0008F884 /* Debug */,
				7DD58B3F2BBE631B0008F884 /* Release */,
			);
			defaultConfigurationIsVisible = 0;
			defaultConfigurationName = Release;
		};
		7DD58B402BBE631B0008F884 /* Build configuration list for PBXNativeTarget "AlertsAndActionSheetsUITests" */ = {
			isa = XCConfigurationList;
			buildConfigurations = (
				7DD58B412BBE631B0008F884 /* Debug */,
				7DD58B422BBE631B0008F884 /* Release */,
			);
			defaultConfigurationIsVisible = 0;
			defaultConfigurationName = Release;
		};
/* End XCConfigurationList section */
	};
	rootObject = 7DD58B082BBE63190008F884 /* Project object */;
}
